
Microsoft Visual Studio Solution File, Format Version 12.00
# Visual Studio 15
VisualStudioVersion = 15.0.27703.2000
MinimumVisualStudioVersion = 10.0.40219.1
Project("{FAE04EC0-301F-11D3-BF4B-00C04F79EFBC}") = "AppLogger", "AppLogger\AppLogger.csproj", "{FF2CDDF2-E61D-4569-A0DE-426EFE9F5D5F}"
EndProject
Global
	GlobalSection(SolutionConfigurationPlatforms) = preSolution
		Debug|Any CPU = Debug|Any CPU
		Release|Any CPU = Release|Any CPU
	EndGlobalSection
	GlobalSection(ProjectConfigurationPlatforms) = postSolution
		{FF2CDDF2-E61D-4569-A0DE-426EFE9F5D5F}.Debug|Any CPU.ActiveCfg = Debug|Any CPU
		{FF2CDDF2-E61D-4569-A0DE-426EFE9F5D5F}.Debug|Any CPU.Build.0 = Debug|Any CPU
		{FF2CDDF2-E61D-4569-A0DE-426EFE9F5D5F}.Release|Any CPU.ActiveCfg = Release|Any CPU
		{FF2CDDF2-E61D-4569-A0DE-426EFE9F5D5F}.Release|Any CPU.Build.0 = Release|Any CPU
	EndGlobalSection
	GlobalSection(SolutionProperties) = preSolution
		HideSolutionNode = FALSE
	EndGlobalSection
	GlobalSection(ExtensibilityGlobals) = postSolution
		SolutionGuid = {370B7D2E-9F86-44E2-BEFE-6CEF3C5F430A}
	EndGlobalSection
EndGlobal
